PODS:
  - Flutter (1.0.0)
  - flutter_midi_pro (0.0.1):
    - Flutter

DEPENDENCIES:
  - Flutter (from `Flutter`)
  - flutter_midi_pro (from `.symlinks/plugins/flutter_midi_pro/ios`)

EXTERNAL SOURCES:
  Flutter:
    :path: Flutter
  flutter_midi_pro:
    :path: ".symlinks/plugins/flutter_midi_pro/ios"

SPEC CHECKSUMS:
  Flutter: cabc95a1d2626b1b06e7179b784ebcf0c0cde467
  flutter_midi_pro: 91fdb12ab765d84d5d391bc0176a09f5f8808804

PODFILE CHECKSUM: 3c63482e143d1b91d2d2560aee9fb04ecc74ac7e

COCOAPODS: 1.16.2
